
Microsoft Visual Studio Solution File, Format Version 12.00
# Visual Studio Version 17
VisualStudioVersion = 17.7.34221.43
MinimumVisualStudioVersion = 10.0.40219.1
Project("{8BC9CEB8-8B4A-11D0-8D11-00A0C91BC942}") = "Project18", "Project18\Project18.vcxproj", "{84E57950-473E-42B7-9096-995025C3129A}"
EndProject
Global
	GlobalSection(SolutionConfigurationPlatforms) = preSolution
		Debug|x64 = Debug|x64
		Debug|x86 = Debug|x86
		Release|x64 = Release|x64
		Release|x86 = Release|x86
	EndGlobalSection
	GlobalSection(ProjectConfigurationPlatforms) = postSolution
		{84E57950-473E-42B7-9096-995025C3129A}.Debug|x64.ActiveCfg = Debug|x64
		{84E57950-473E-42B7-9096-995025C3129A}.Debug|x64.Build.0 = Debug|x64
		{84E57950-473E-42B7-9096-995025C3129A}.Debug|x86.ActiveCfg = Debug|Win32
		{84E57950-473E-42B7-9096-995025C3129A}.Debug|x86.Build.0 = Debug|Win32
		{84E57950-473E-42B7-9096-995025C3129A}.Release|x64.ActiveCfg = Release|x64
		{84E57950-473E-42B7-9096-995025C3129A}.Release|x64.Build.0 = Release|x64
		{84E57950-473E-42B7-9096-995025C3129A}.Release|x86.ActiveCfg = Release|Win32
		{84E57950-473E-42B7-9096-995025C3129A}.Release|x86.Build.0 = Release|Win32
	EndGlobalSection
	GlobalSection(SolutionProperties) = preSolution
		HideSolutionNode = FALSE
	EndGlobalSection
	GlobalSection(ExtensibilityGlobals) = postSolution
		SolutionGuid = {69797890-8769-4C0C-9D77-279789BDA2CD}
	EndGlobalSection
EndGlobal
